
Microsoft Visual Studio Solution File, Format Version 12.00
# Visual Studio Version 17
VisualStudioVersion = 17.8.34330.188
MinimumVisualStudioVersion = 10.0.40219.1
Project("{FAE04EC0-301F-11D3-BF4B-00C04F79EFBC}") = "Hello World", "Hello World\Hello World.csproj", "{46258718-026A-4145-9F79-25C697A9DE43}"
EndProject
Global
	GlobalSection(SolutionConfigurationPlatforms) = preSolution
		Debug|Any CPU = Debug|Any CPU
		Release|Any CPU = Release|Any CPU
	EndGlobalSection
	GlobalSection(ProjectConfigurationPlatforms) = postSolution
		{46258718-026A-4145-9F79-25C697A9DE43}.Debug|Any CPU.ActiveCfg = Debug|Any CPU
		{46258718-026A-4145-9F79-25C697A9DE43}.Debug|Any CPU.Build.0 = Debug|Any CPU
		{46258718-026A-4145-9F79-25C697A9DE43}.Release|Any CPU.ActiveCfg = Release|Any CPU
		{46258718-026A-4145-9F79-25C697A9DE43}.Release|Any CPU.Build.0 = Release|Any CPU
	EndGlobalSection
	GlobalSection(SolutionProperties) = preSolution
		HideSolutionNode = FALSE
	EndGlobalSection
	GlobalSection(ExtensibilityGlobals) = postSolution
		SolutionGuid = {7EE8C56C-BEA5-4588-A7AD-92E5256DE3D2}
	EndGlobalSection
EndGlobal
